
Microsoft Visual Studio Solution File, Format Version 12.00
# Visual Studio Version 17
VisualStudioVersion = 17.7.34009.444
MinimumVisualStudioVersion = 10.0.40219.1
Project("{FAE04EC0-301F-11D3-BF4B-00C04F79EFBC}") = "EyeCareClinic", "EyeCareClinic\EyeCareClinic.csproj", "{14F8F854-11BC-457A-A702-83D95F4EFD51}"
EndProject
Global
	GlobalSection(SolutionConfigurationPlatforms) = preSolution
		Debug|Any CPU = Debug|Any CPU
		Release|Any CPU = Release|Any CPU
	EndGlobalSection
	GlobalSection(ProjectConfigurationPlatforms) = postSolution
		{14F8F854-11BC-457A-A702-83D95F4EFD51}.Debug|Any CPU.ActiveCfg = Debug|Any CPU
		{14F8F854-11BC-457A-A702-83D95F4EFD51}.Debug|Any CPU.Build.0 = Debug|Any CPU
		{14F8F854-11BC-457A-A702-83D95F4EFD51}.Release|Any CPU.ActiveCfg = Release|Any CPU
		{14F8F854-11BC-457A-A702-83D95F4EFD51}.Release|Any CPU.Build.0 = Release|Any CPU
	EndGlobalSection
	GlobalSection(SolutionProperties) = preSolution
		HideSolutionNode = FALSE
	EndGlobalSection
	GlobalSection(ExtensibilityGlobals) = postSolution
		SolutionGuid = {764FCDB7-809A-44E1-A445-8F9B2FEEA41E}
	EndGlobalSection
EndGlobal
